
Microsoft Visual Studio Solution File, Format Version 12.00
# Visual Studio Version 16
VisualStudioVersion = 16.0.31702.278
MinimumVisualStudioVersion = 10.0.40219.1
Project("{9A19103F-16F7-4668-BE54-9A1E7A4F7556}") = "XS3GNR_HFT_2021221.Client", "XS3GNR_HFT_2021221.Client\XS3GNR_HFT_2021221.Client.csproj", "{FF089693-35CC-40F0-A9B5-C42A8A29BFEC}"
EndProject
Project("{9A19103F-16F7-4668-BE54-9A1E7A4F7556}") = "XS3GNR_HFT_2021221.Models", "XS3GNR_HFT_2021221.Models\XS3GNR_HFT_2021221.Models.csproj", "{A9B2A397-A65F-491C-8853-87018EC0DBC2}"
EndProject
Project("{9A19103F-16F7-4668-BE54-9A1E7A4F7556}") = "XS3GNR_HFT_2021221.Data", "XS3GNR_HFT_2021221.Data\XS3GNR_HFT_2021221.Data.csproj", "{69A8EDA7-591F-4C67-B151-96FFF10C65B1}"
EndProject
Project("{9A19103F-16F7-4668-BE54-9A1E7A4F7556}") = "XS3GNR_HFT_2021221.Logic", "XS3GNR_HFT_2021221.Logic\XS3GNR_HFT_2021221.Logic.csproj", "{3BDC187C-240F-4BCF-869C-ABCE5AEDA0A3}"
EndProject
Project("{9A19103F-16F7-4668-BE54-9A1E7A4F7556}") = "XS3GNR_HFT_2021221.Repository", "XS3GNR_HFT_2021221.Repository\XS3GNR_HFT_2021221.Repository.csproj", "{2DB22A7E-B505-479D-AC1D-5CE6BF1E51E2}"
EndProject
Project("{9A19103F-16F7-4668-BE54-9A1E7A4F7556}") = "XS3GNR_HFT_2021221.Endpoint", "XS3GNR_HFT_2021221.Endpoint\XS3GNR_HFT_2021221.Endpoint.csproj", "{F7E2004B-EE1D-438B-AC65-64B98B31D2D9}"
EndProject
Project("{9A19103F-16F7-4668-BE54-9A1E7A4F7556}") = "XS3GNR_HFT_2021221.Test", "XS3GNR_HFT_2021221.Test\XS3GNR_HFT_2021221.Test.csproj", "{F5D8E425-714F-4FCC-89A7-1EF53A1A0099}"
EndProject
Project("{2150E333-8FDC-42A3-9474-1A3956D46DE8}") = "Backend", "Backend", "{BBA7E02A-F7A8-4E6C-93FE-FCCC2BF00CD5}"
EndProject
Project("{2150E333-8FDC-42A3-9474-1A3956D46DE8}") = "Frontend", "Frontend", "{71F9AC0F-A68A-4610-9FF9-795A7D7A6464}"
EndProject
Project("{2150E333-8FDC-42A3-9474-1A3956D46DE8}") = "Shared", "Shared", "{757B31D9-177B-4AB7-BCAB-ED0CC3BF177D}"
EndProject
Project("{2150E333-8FDC-42A3-9474-1A3956D46DE8}") = "Others", "Others", "{7E98118C-2655-41F8-B3A5-8A04CCD274D1}"
	ProjectSection(SolutionItems) = preProject
		.gitignore = .gitignore
	EndProjectSection
EndProject
Project("{FAE04EC0-301F-11D3-BF4B-00C04F79EFBC}") = "XS3GNR_HFT_2021221.WPFClient", "XS3GNR_HFT_2021221.WPFClient\XS3GNR_HFT_2021221.WPFClient.csproj", "{435B1317-F17C-4F07-AEEE-3631903AC71D}"
EndProject
Global
	GlobalSection(SolutionConfigurationPlatforms) = preSolution
		Debug|Any CPU = Debug|Any CPU
		Release|Any CPU = Release|Any CPU
	EndGlobalSection
	GlobalSection(ProjectConfigurationPlatforms) = postSolution
		{FF089693-35CC-40F0-A9B5-C42A8A29BFEC}.Debug|Any CPU.ActiveCfg = Debug|Any CPU
		{FF089693-35CC-40F0-A9B5-C42A8A29BFEC}.Debug|Any CPU.Build.0 = Debug|Any CPU
		{FF089693-35CC-40F0-A9B5-C42A8A29BFEC}.Release|Any CPU.ActiveCfg = Release|Any CPU
		{FF089693-35CC-40F0-A9B5-C42A8A29BFEC}.Release|Any CPU.Build.0 = Release|Any CPU
		{A9B2A397-A65F-491C-8853-87018EC0DBC2}.Debug|Any CPU.ActiveCfg = Debug|Any CPU
		{A9B2A397-A65F-491C-8853-87018EC0DBC2}.Debug|Any CPU.Build.0 = Debug|Any CPU
		{A9B2A397-A65F-491C-8853-87018EC0DBC2}.Release|Any CPU.ActiveCfg = Release|Any CPU
		{A9B2A397-A65F-491C-8853-87018EC0DBC2}.Release|Any CPU.Build.0 = Release|Any CPU
		{69A8EDA7-591F-4C67-B151-96FFF10C65B1}.Debug|Any CPU.ActiveCfg = Debug|Any CPU
		{69A8EDA7-591F-4C67-B151-96FFF10C65B1}.Debug|Any CPU.Build.0 = Debug|Any CPU
		{69A8EDA7-591F-4C67-B151-96FFF10C65B1}.Release|Any CPU.ActiveCfg = Release|Any CPU
		{69A8EDA7-591F-4C67-B151-96FFF10C65B1}.Release|Any CPU.Build.0 = Release|Any CPU
		{3BDC187C-240F-4BCF-869C-ABCE5AEDA0A3}.Debug|Any CPU.ActiveCfg = Debug|Any CPU
		{3BDC187C-240F-4BCF-869C-ABCE5AEDA0A3}.Debug|Any CPU.Build.0 = Debug|Any CPU
		{3BDC187C-240F-4BCF-869C-ABCE5AEDA0A3}.Release|Any CPU.ActiveCfg = Release|Any CPU
		{3BDC187C-240F-4BCF-869C-ABCE5AEDA0A3}.Release|Any CPU.Build.0 = Release|Any CPU
		{2DB22A7E-B505-479D-AC1D-5CE6BF1E51E2}.Debug|Any CPU.ActiveCfg = Debug|Any CPU
		{2DB22A7E-B505-479D-AC1D-5CE6BF1E51E2}.Debug|Any CPU.Build.0 = Debug|Any CPU
		{2DB22A7E-B505-479D-AC1D-5CE6BF1E51E2}.Release|Any CPU.ActiveCfg = Release|Any CPU
		{2DB22A7E-B505-479D-AC1D-5CE6BF1E51E2}.Release|Any CPU.Build.0 = Release|Any CPU
		{F7E2004B-EE1D-438B-AC65-64B98B31D2D9}.Debug|Any CPU.ActiveCfg = Debug|Any CPU
		{F7E2004B-EE1D-438B-AC65-64B98B31D2D9}.Debug|Any CPU.Build.0 = Debug|Any CPU
		{F7E2004B-EE1D-438B-AC65-64B98B31D2D9}.Release|Any CPU.ActiveCfg = Release|Any CPU
		{F7E2004B-EE1D-438B-AC65-64B98B31D2D9}.Release|Any CPU.Build.0 = Release|Any CPU
		{F5D8E425-714F-4FCC-89A7-1EF53A1A0099}.Debug|Any CPU.ActiveCfg = Debug|Any CPU
		{F5D8E425-714F-4FCC-89A7-1EF53A1A0099}.Debug|Any CPU.Build.0 = Debug|Any CPU
		{F5D8E425-714F-4FCC-89A7-1EF53A1A0099}.Release|Any CPU.ActiveCfg = Release|Any CPU
		{F5D8E425-714F-4FCC-89A7-1EF53A1A0099}.Release|Any CPU.Build.0 = Release|Any CPU
		{435B1317-F17C-4F07-AEEE-3631903AC71D}.Debug|Any CPU.ActiveCfg = Debug|Any CPU
		{435B1317-F17C-4F07-AEEE-3631903AC71D}.Debug|Any CPU.Build.0 = Debug|Any CPU
		{435B1317-F17C-4F07-AEEE-3631903AC71D}.Release|Any CPU.ActiveCfg = Release|Any CPU
		{435B1317-F17C-4F07-AEEE-3631903AC71D}.Release|Any CPU.Build.0 = Release|Any CPU
	EndGlobalSection
	GlobalSection(SolutionProperties) = preSolution
		HideSolutionNode = FALSE
	EndGlobalSection
	GlobalSection(NestedProjects) = preSolution
		{FF089693-35CC-40F0-A9B5-C42A8A29BFEC} = {71F9AC0F-A68A-4610-9FF9-795A7D7A6464}
		{A9B2A397-A65F-491C-8853-87018EC0DBC2} = {757B31D9-177B-4AB7-BCAB-ED0CC3BF177D}
		{69A8EDA7-591F-4C67-B151-96FFF10C65B1} = {BBA7E02A-F7A8-4E6C-93FE-FCCC2BF00CD5}
		{3BDC187C-240F-4BCF-869C-ABCE5AEDA0A3} = {BBA7E02A-F7A8-4E6C-93FE-FCCC2BF00CD5}
		{2DB22A7E-B505-479D-AC1D-5CE6BF1E51E2} = {BBA7E02A-F7A8-4E6C-93FE-FCCC2BF00CD5}
		{F7E2004B-EE1D-438B-AC65-64B98B31D2D9} = {BBA7E02A-F7A8-4E6C-93FE-FCCC2BF00CD5}
		{F5D8E425-714F-4FCC-89A7-1EF53A1A0099} = {BBA7E02A-F7A8-4E6C-93FE-FCCC2BF00CD5}
	EndGlobalSection
	GlobalSection(ExtensibilityGlobals) = postSolution
		SolutionGuid = {9C5E2A81-06B2-4E5D-8C7A-7207C87D8C36}
	EndGlobalSection
EndGlobal
